
Microsoft Visual Studio Solution File, Format Version 12.00
# Visual Studio Version 17
VisualStudioVersion = 17.9.34616.47
MinimumVisualStudioVersion = 10.0.40219.1
Project("{888888A0-9F3D-457C-B088-3A5042F75D52}") = "BasicPandas", "BasicPandas\BasicPandas.pyproj", "{68337253-0624-4926-B293-E9A1DC23CB17}"
EndProject
Global
	GlobalSection(SolutionConfigurationPlatforms) = preSolution
		Debug|Any CPU = Debug|Any CPU
		Release|Any CPU = Release|Any CPU
	EndGlobalSection
	GlobalSection(ProjectConfigurationPlatforms) = postSolution
		{68337253-0624-4926-B293-E9A1DC23CB17}.Debug|Any CPU.ActiveCfg = Debug|Any CPU
		{68337253-0624-4926-B293-E9A1DC23CB17}.Release|Any CPU.ActiveCfg = Release|Any CPU
	EndGlobalSection
	GlobalSection(SolutionProperties) = preSolution
		HideSolutionNode = FALSE
	EndGlobalSection
	GlobalSection(ExtensibilityGlobals) = postSolution
		SolutionGuid = {CE7E05E7-43CF-46F8-A1A6-681FF4D9E872}
	EndGlobalSection
EndGlobal
